
Microsoft Visual Studio Solution File, Format Version 12.00
# Visual Studio Version 17
VisualStudioVersion = 17.8.34322.80
MinimumVisualStudioVersion = 10.0.40219.1
Project("{FAE04EC0-301F-11D3-BF4B-00C04F79EFBC}") = "Viewbagmarkermap", "Viewbagmarkermap\Viewbagmarkermap.csproj", "{99598483-5FF6-4928-92DC-B32B9BCC71B7}"
EndProject
Global
	GlobalSection(SolutionConfigurationPlatforms) = preSolution
		Debug|Any CPU = Debug|Any CPU
		Release|Any CPU = Release|Any CPU
	EndGlobalSection
	GlobalSection(ProjectConfigurationPlatforms) = postSolution
		{99598483-5FF6-4928-92DC-B32B9BCC71B7}.Debug|Any CPU.ActiveCfg = Debug|Any CPU
		{99598483-5FF6-4928-92DC-B32B9BCC71B7}.Debug|Any CPU.Build.0 = Debug|Any CPU
		{99598483-5FF6-4928-92DC-B32B9BCC71B7}.Release|Any CPU.ActiveCfg = Release|Any CPU
		{99598483-5FF6-4928-92DC-B32B9BCC71B7}.Release|Any CPU.Build.0 = Release|Any CPU
	EndGlobalSection
	GlobalSection(SolutionProperties) = preSolution
		HideSolutionNode = FALSE
	EndGlobalSection
	GlobalSection(ExtensibilityGlobals) = postSolution
		SolutionGuid = {F6001317-4730-4198-8957-9CCFDEE45368}
	EndGlobalSection
EndGlobal
